// !$*UTF8*$!
{
	archiveVersion = 1;
	classes = {
	};
	objectVersion = 52;
	objects = {

/* Begin PBXBuildFile section */
		0F346E7912532E7C69056567 /* ViewController.swift in Sources */ = {isa = PBXBuildFile; fileRef = A4458DE984C4A4A5DB12D156 /* ViewController.swift */; };
		3436BF73A89C07C193ACECA0 /* AppDelegate.swift in Sources */ = {isa = PBXBuildFile; fileRef = F607B572534956232F78B5F5 /* AppDelegate.swift */; };
		38278B190CD92FCE94512583 /* TuistBundle+UIKitExample.swift in Sources */ = {isa = PBXBuildFile; fileRef = 004760F80413795855A840A7 /* TuistBundle+UIKitExample.swift */; };
		63A4A8DE8BEDB279970122E9 /* TossPayments in Frameworks */ = {isa = PBXBuildFile; productRef = 1CFA866A4D7C8B033D670D7F /* TossPayments */; };
		6574AFE58C85C51693EDCA9C /* Main.storyboard in Resources */ = {isa = PBXBuildFile; fileRef = 9257BA10F005D1D76CC3AF1A /* Main.storyboard */; };
		74EA71C391CD8639842A9549 /* ViewController+UIAlertController.swift in Sources */ = {isa = PBXBuildFile; fileRef = AF7E699A6FDA9E5366ED5FB1 /* ViewController+UIAlertController.swift */; };
		78D295298BD752ED0585D493 /* Assets.xcassets in Resources */ = {isa = PBXBuildFile; fileRef = 12B088E0AD7340723CA29FC6 /* Assets.xcassets */; };
		A2CE4D380D2D65FC34B98055 /* ViewController+ViewHolder.swift in Sources */ = {isa = PBXBuildFile; fileRef = C4651E0A013E85CBAA4964E4 /* ViewController+ViewHolder.swift */; };
		CD0F47AA1645E9995F395AC5 /* ViewController+UIPickerViewDelegate.swift in Sources */ = {isa = PBXBuildFile; fileRef = A3C0FCDBEFD4081DD501A27A /* ViewController+UIPickerViewDelegate.swift */; };
		E50194F4721164E0C8BF270B /* TuistAssets+UIKitExample.swift in Sources */ = {isa = PBXBuildFile; fileRef = 9BFF742C5BE5A7D388BA028D /* TuistAssets+UIKitExample.swift */; };
		EC7B44B2C0CEEB117E23D308 /* LaunchScreen.storyboard in Resources */ = {isa = PBXBuildFile; fileRef = E5F6396DAEE6E3DAA210D7E4 /* LaunchScreen.storyboard */; };
		FB1129796916C238425419F2 /* ViewController+TossPaymentsDelegate.swift in Sources */ = {isa = PBXBuildFile; fileRef = B52F4C7F226B8EA25A22F4BE /* ViewController+TossPaymentsDelegate.swift */; };
/* End PBXBuildFile section */

/* Begin PBXCopyFilesBuildPhase section */
		7FB5640E5E6CF7859B5C4E1D /* Embed Frameworks */ = {
			isa = PBXCopyFilesBuildPhase;
			buildActionMask = 2147483647;
			dstPath = "";
			dstSubfolderSpec = 10;
			files = (
			);
			name = "Embed Frameworks";
			runOnlyForDeploymentPostprocessing = 0;
		};
/* End PBXCopyFilesBuildPhase section */

/* Begin PBXFileReference section */
		004760F80413795855A840A7 /* TuistBundle+UIKitExample.swift */ = {isa = PBXFileReference; lastKnownFileType = sourcecode.swift; path = "TuistBundle+UIKitExample.swift"; sourceTree = "<group>"; };
		12B088E0AD7340723CA29FC6 /* Assets.xcassets */ = {isa = PBXFileReference; lastKnownFileType = folder.assetcatalog; path = Assets.xcassets; sourceTree = "<group>"; };
		13B2E0ABC558273DDB435D3E /* payment-sdk-ios */ = {isa = PBXFileReference; lastKnownFileType = folder; name = "payment-sdk-ios"; path = ../../..; sourceTree = "<group>"; };
		198FB68732A24955A907C696 /* Base */ = {isa = PBXFileReference; lastKnownFileType = file.storyboard; name = Base; path = Base.lproj/LaunchScreen.storyboard; sourceTree = "<group>"; };
		245E67DAD9279E85F23E626E /* Base */ = {isa = PBXFileReference; lastKnownFileType = file.storyboard; name = Base; path = Base.lproj/Main.storyboard; sourceTree = "<group>"; };
		9BFF742C5BE5A7D388BA028D /* TuistAssets+UIKitExample.swift */ = {isa = PBXFileReference; lastKnownFileType = sourcecode.swift; path = "TuistAssets+UIKitExample.swift"; sourceTree = "<group>"; };
		A3C0FCDBEFD4081DD501A27A /* ViewController+UIPickerViewDelegate.swift */ = {isa = PBXFileReference; lastKnownFileType = sourcecode.swift; path = "ViewController+UIPickerViewDelegate.swift"; sourceTree = "<group>"; };
		A4458DE984C4A4A5DB12D156 /* ViewController.swift */ = {isa = PBXFileReference; lastKnownFileType = sourcecode.swift; path = ViewController.swift; sourceTree = "<group>"; };
		AF7E699A6FDA9E5366ED5FB1 /* ViewController+UIAlertController.swift */ = {isa = PBXFileReference; lastKnownFileType = sourcecode.swift; path = "ViewController+UIAlertController.swift"; sourceTree = "<group>"; };
		B52F4C7F226B8EA25A22F4BE /* ViewController+TossPaymentsDelegate.swift */ = {isa = PBXFileReference; lastKnownFileType = sourcecode.swift; path = "ViewController+TossPaymentsDelegate.swift"; sourceTree = "<group>"; };
		BDFA5E2570E67B92842691E5 /* UIKitExample-Info.plist */ = {isa = PBXFileReference; lastKnownFileType = text.plist; path = "UIKitExample-Info.plist"; sourceTree = "<group>"; };
		C4651E0A013E85CBAA4964E4 /* ViewController+ViewHolder.swift */ = {isa = PBXFileReference; lastKnownFileType = sourcecode.swift; path = "ViewController+ViewHolder.swift"; sourceTree = "<group>"; };
		E916572C8A5DC4A75E70360D /* Project.swift */ = {isa = PBXFileReference; lastKnownFileType = sourcecode.swift; path = Project.swift; sourceTree = "<group>"; };
		F607B572534956232F78B5F5 /* AppDelegate.swift */ = {isa = PBXFileReference; lastKnownFileType = sourcecode.swift; path = AppDelegate.swift; sourceTree = "<group>"; };
		F848CD0CA2C398E3EE6DD7B3 /* TossPayments UIKitExample.app */ = {isa = PBXFileReference; explicitFileType = wrapper.application; includeInIndex = 0; path = "TossPayments UIKitExample.app"; sourceTree = BUILT_PRODUCTS_DIR; };
/* End PBXFileReference section */

/* Begin PBXFrameworksBuildPhase section */
		63956EF499F7CFFC58CF2EF1 /* Frameworks */ = {
			isa = PBXFrameworksBuildPhase;
			buildActionMask = 2147483647;
			files = (
				63A4A8DE8BEDB279970122E9 /* TossPayments in Frameworks */,
			);
			runOnlyForDeploymentPostprocessing = 0;
		};
/* End PBXFrameworksBuildPhase section */

/* Begin PBXGroup section */
		2E84ED8F29EF63DC8EE12764 /* Products */ = {
			isa = PBXGroup;
			children = (
				F848CD0CA2C398E3EE6DD7B3 /* TossPayments UIKitExample.app */,
			);
			name = Products;
			sourceTree = "<group>";
		};
		38EBF5532F8A324B2C6B127D /* UIKitExample */ = {
			isa = PBXGroup;
			children = (
				FA2D21A1E393D46CB78729D2 /* Resources */,
				D8CFCF1925D9B81A7F331D21 /* Sources */,
			);
			path = UIKitExample;
			sourceTree = "<group>";
		};
		87F8BE6CD708A1BD538D9513 /* Frameworks */ = {
			isa = PBXGroup;
			children = (
			);
			name = Frameworks;
			sourceTree = "<group>";
		};
		91777505915CA9F23C3E07F3 /* Project */ = {
			isa = PBXGroup;
			children = (
				AD216D8313A669BB5CEF6735 /* Derived */,
				38EBF5532F8A324B2C6B127D /* UIKitExample */,
				E916572C8A5DC4A75E70360D /* Project.swift */,
			);
			name = Project;
			sourceTree = "<group>";
		};
		94FF9FDF852B73E57C8ABFFC /* InfoPlists */ = {
			isa = PBXGroup;
			children = (
				BDFA5E2570E67B92842691E5 /* UIKitExample-Info.plist */,
			);
			path = InfoPlists;
			sourceTree = "<group>";
		};
		AD216D8313A669BB5CEF6735 /* Derived */ = {
			isa = PBXGroup;
			children = (
				94FF9FDF852B73E57C8ABFFC /* InfoPlists */,
				BB2FF4E1B1E1B9153631D470 /* Sources */,
			);
			path = Derived;
			sourceTree = "<group>";
		};
		BB2FF4E1B1E1B9153631D470 /* Sources */ = {
			isa = PBXGroup;
			children = (
				9BFF742C5BE5A7D388BA028D /* TuistAssets+UIKitExample.swift */,
				004760F80413795855A840A7 /* TuistBundle+UIKitExample.swift */,
			);
			path = Sources;
			sourceTree = "<group>";
		};
		D0145A4E835EE896265431B4 = {
			isa = PBXGroup;
			children = (
				91777505915CA9F23C3E07F3 /* Project */,
				87F8BE6CD708A1BD538D9513 /* Frameworks */,
				2E84ED8F29EF63DC8EE12764 /* Products */,
				13B2E0ABC558273DDB435D3E /* payment-sdk-ios */,
			);
			sourceTree = "<group>";
		};
		D8CFCF1925D9B81A7F331D21 /* Sources */ = {
			isa = PBXGroup;
			children = (
				F607B572534956232F78B5F5 /* AppDelegate.swift */,
				A4458DE984C4A4A5DB12D156 /* ViewController.swift */,
				B52F4C7F226B8EA25A22F4BE /* ViewController+TossPaymentsDelegate.swift */,
				AF7E699A6FDA9E5366ED5FB1 /* ViewController+UIAlertController.swift */,
				A3C0FCDBEFD4081DD501A27A /* ViewController+UIPickerViewDelegate.swift */,
				C4651E0A013E85CBAA4964E4 /* ViewController+ViewHolder.swift */,
			);
			path = Sources;
			sourceTree = "<group>";
		};
		FA2D21A1E393D46CB78729D2 /* Resources */ = {
			isa = PBXGroup;
			children = (
				E5F6396DAEE6E3DAA210D7E4 /* LaunchScreen.storyboard */,
				9257BA10F005D1D76CC3AF1A /* Main.storyboard */,
				12B088E0AD7340723CA29FC6 /* Assets.xcassets */,
			);
			path = Resources;
			sourceTree = "<group>";
		};
/* End PBXGroup section */

/* Begin PBXNativeTarget section */
		666EBE725F64CD3E76F15384 /* UIKitExample */ = {
			isa = PBXNativeTarget;
			buildConfigurationList = 29A7F91D0D969A0ADD579A70 /* Build configuration list for PBXNativeTarget "UIKitExample" */;
			buildPhases = (
				40D1858F50A1EDE75114B402 /* Sources */,
				AB9ACC9A85958C1DFC42905B /* Resources */,
				7FB5640E5E6CF7859B5C4E1D /* Embed Frameworks */,
				63956EF499F7CFFC58CF2EF1 /* Frameworks */,
			);
			buildRules = (
			);
			dependencies = (
			);
			name = UIKitExample;
			packageProductDependencies = (
				1CFA866A4D7C8B033D670D7F /* TossPayments */,
			);
			productName = "TossPayments UIKitExample";
			productReference = F848CD0CA2C398E3EE6DD7B3 /* TossPayments UIKitExample.app */;
			productType = "com.apple.product-type.application";
		};
/* End PBXNativeTarget section */

/* Begin PBXProject section */
		E719D065FEA419CD729FCD6A /* Project object */ = {
			isa = PBXProject;
			attributes = {
				ORGANIZATIONNAME = "TossPayments, Inc";
				TargetAttributes = {
				};
			};
			buildConfigurationList = ACD8362F76C8B4278BE05300 /* Build configuration list for PBXProject "UIKitExample" */;
			compatibilityVersion = "Xcode 13.0";
			developmentRegion = en;
			hasScannedForEncodings = 0;
			knownRegions = (
				Base,
				en,
			);
			mainGroup = D0145A4E835EE896265431B4;
			productRefGroup = 2E84ED8F29EF63DC8EE12764 /* Products */;
			projectDirPath = "";
			projectRoot = "";
			targets = (
				666EBE725F64CD3E76F15384 /* UIKitExample */,
			);
		};
/* End PBXProject section */

/* Begin PBXResourcesBuildPhase section */
		AB9ACC9A85958C1DFC42905B /* Resources */ = {
			isa = PBXResourcesBuildPhase;
			buildActionMask = 2147483647;
			files = (
				78D295298BD752ED0585D493 /* Assets.xcassets in Resources */,
				EC7B44B2C0CEEB117E23D308 /* LaunchScreen.storyboard in Resources */,
				6574AFE58C85C51693EDCA9C /* Main.storyboard in Resources */,
			);
			runOnlyForDeploymentPostprocessing = 0;
		};
/* End PBXResourcesBuildPhase section */

/* Begin PBXSourcesBuildPhase section */
		40D1858F50A1EDE75114B402 /* Sources */ = {
			isa = PBXSourcesBuildPhase;
			buildActionMask = 2147483647;
			files = (
				E50194F4721164E0C8BF270B /* TuistAssets+UIKitExample.swift in Sources */,
				38278B190CD92FCE94512583 /* TuistBundle+UIKitExample.swift in Sources */,
				3436BF73A89C07C193ACECA0 /* AppDelegate.swift in Sources */,
				FB1129796916C238425419F2 /* ViewController+TossPaymentsDelegate.swift in Sources */,
				74EA71C391CD8639842A9549 /* ViewController+UIAlertController.swift in Sources */,
				CD0F47AA1645E9995F395AC5 /* ViewController+UIPickerViewDelegate.swift in Sources */,
				A2CE4D380D2D65FC34B98055 /* ViewController+ViewHolder.swift in Sources */,
				0F346E7912532E7C69056567 /* ViewController.swift in Sources */,
			);
			runOnlyForDeploymentPostprocessing = 0;
		};
/* End PBXSourcesBuildPhase section */

/* Begin PBXVariantGroup section */
		9257BA10F005D1D76CC3AF1A /* Main.storyboard */ = {
			isa = PBXVariantGroup;
			children = (
				245E67DAD9279E85F23E626E /* Base */,
			);
			name = Main.storyboard;
			sourceTree = "<group>";
		};
		E5F6396DAEE6E3DAA210D7E4 /* LaunchScreen.storyboard */ = {
			isa = PBXVariantGroup;
			children = (
				198FB68732A24955A907C696 /* Base */,
			);
			name = LaunchScreen.storyboard;
			sourceTree = "<group>";
		};
/* End PBXVariantGroup section */

/* Begin XCBuildConfiguration section */
		1339DEEDEEDDB852B6294D2A /* Release */ = {
			isa = XCBuildConfiguration;
			buildSettings = {
				ASSETCATALOG_COMPILER_APPICON_NAME = AppIcon;
				CODE_SIGN_IDENTITY = "iPhone Developer";
				ENABLE_PREVIEWS = YES;
				INFOPLIST_FILE = "Derived/InfoPlists/UIKitExample-Info.plist";
				IPHONEOS_DEPLOYMENT_TARGET = 11.0;
				LD_RUNPATH_SEARCH_PATHS = (
					"$(inherited)",
					"@executable_path/Frameworks",
				);
				PRODUCT_BUNDLE_IDENTIFIER = com.tosspayments.paymentsdk.examples.uikit;
				PRODUCT_NAME = "TossPayments UIKitExample";
				SDKROOT = iphoneos;
				SUPPORTS_MACCATALYST = NO;
				SWIFT_COMPILATION_MODE = wholemodule;
				SWIFT_OPTIMIZATION_LEVEL = "-Owholemodule";
				SWIFT_VERSION = 5.0;
				TARGETED_DEVICE_FAMILY = "1,2";
			};
			name = Release;
		};
		2CCE74DCBAFDDA286FC59B26 /* Debug */ = {
			isa = XCBuildConfiguration;
			buildSettings = {
				ALWAYS_SEARCH_USER_PATHS = NO;
				CLANG_ANALYZER_LOCALIZABILITY_NONLOCALIZED = YES;
				CLANG_ANALYZER_NONNULL = YES;
				CLANG_ANALYZER_NUMBER_OBJECT_CONVERSION = YES_AGGRESSIVE;
				CLANG_CXX_LANGUAGE_STANDARD = "gnu++14";
				CLANG_CXX_LIBRARY = "libc++";
				CLANG_ENABLE_MODULES = YES;
				CLANG_ENABLE_OBJC_ARC = YES;
				CLANG_ENABLE_OBJC_WEAK = YES;
				CLANG_WARN_BLOCK_CAPTURE_AUTORELEASING = YES;
				CLANG_WARN_BOOL_CONVERSION = YES;
				CLANG_WARN_COMMA = YES;
				CLANG_WARN_CONSTANT_CONVERSION = YES;
				CLANG_WARN_DEPRECATED_OBJC_IMPLEMENTATIONS = YES;
				CLANG_WARN_DIRECT_OBJC_ISA_USAGE = YES_ERROR;
				CLANG_WARN_DOCUMENTATION_COMMENTS = YES;
				CLANG_WARN_EMPTY_BODY = YES;
				CLANG_WARN_ENUM_CONVERSION = YES;
				CLANG_WARN_INFINITE_RECURSION = YES;
				CLANG_WARN_INT_CONVERSION = YES;
				CLANG_WARN_NON_LITERAL_NULL_CONVERSION = YES;
				CLANG_WARN_OBJC_IMPLICIT_RETAIN_SELF = YES;
				CLANG_WARN_OBJC_LITERAL_CONVERSION = YES;
				CLANG_WARN_OBJC_ROOT_CLASS = YES_ERROR;
				CLANG_WARN_QUOTED_INCLUDE_IN_FRAMEWORK_HEADER = YES;
				CLANG_WARN_RANGE_LOOP_ANALYSIS = YES;
				CLANG_WARN_STRICT_PROTOTYPES = YES;
				CLANG_WARN_SUSPICIOUS_MOVE = YES;
				CLANG_WARN_UNGUARDED_AVAILABILITY = YES_AGGRESSIVE;
				CLANG_WARN_UNREACHABLE_CODE = YES;
				CLANG_WARN__DUPLICATE_METHOD_MATCH = YES;
				COPY_PHASE_STRIP = NO;
				DEAD_CODE_STRIPPING = YES;
				DEBUG_INFORMATION_FORMAT = dwarf;
				ENABLE_STRICT_OBJC_MSGSEND = YES;
				ENABLE_TESTABILITY = YES;
				GCC_C_LANGUAGE_STANDARD = gnu11;
				GCC_DYNAMIC_NO_PIC = NO;
				GCC_NO_COMMON_BLOCKS = YES;
				GCC_OPTIMIZATION_LEVEL = 0;
				GCC_PREPROCESSOR_DEFINITIONS = (
					"DEBUG=1",
					"$(inherited)",
				);
				GCC_WARN_64_TO_32_BIT_CONVERSION = YES;
				GCC_WARN_ABOUT_RETURN_TYPE = YES_ERROR;
				GCC_WARN_UNDECLARED_SELECTOR = YES;
				GCC_WARN_UNINITIALIZED_AUTOS = YES_AGGRESSIVE;
				GCC_WARN_UNUSED_FUNCTION = YES;
				GCC_WARN_UNUSED_VARIABLE = YES;
				MTL_ENABLE_DEBUG_INFO = YES;
				ONLY_ACTIVE_ARCH = YES;
				PRODUCT_NAME = "$(TARGET_NAME)";
			};
			name = Debug;
		};
		6CCD73B8A6D950642FA88F61 /* Release */ = {
			isa = XCBuildConfiguration;
			buildSettings = {
				ALWAYS_SEARCH_USER_PATHS = NO;
				CLANG_ANALYZER_LOCALIZABILITY_NONLOCALIZED = YES;
				CLANG_ANALYZER_NONNULL = YES;
				CLANG_ANALYZER_NUMBER_OBJECT_CONVERSION = YES_AGGRESSIVE;
				CLANG_CXX_LANGUAGE_STANDARD = "gnu++14";
				CLANG_CXX_LIBRARY = "libc++";
				CLANG_ENABLE_MODULES = YES;
				CLANG_ENABLE_OBJC_ARC = YES;
				CLANG_ENABLE_OBJC_WEAK = YES;
				CLANG_WARN_BLOCK_CAPTURE_AUTORELEASING = YES;
				CLANG_WARN_BOOL_CONVERSION = YES;
				CLANG_WARN_COMMA = YES;
				CLANG_WARN_CONSTANT_CONVERSION = YES;
				CLANG_WARN_DEPRECATED_OBJC_IMPLEMENTATIONS = YES;
				CLANG_WARN_DIRECT_OBJC_ISA_USAGE = YES_ERROR;
				CLANG_WARN_DOCUMENTATION_COMMENTS = YES;
				CLANG_WARN_EMPTY_BODY = YES;
				CLANG_WARN_ENUM_CONVERSION = YES;
				CLANG_WARN_INFINITE_RECURSION = YES;
				CLANG_WARN_INT_CONVERSION = YES;
				CLANG_WARN_NON_LITERAL_NULL_CONVERSION = YES;
				CLANG_WARN_OBJC_IMPLICIT_RETAIN_SELF = YES;
				CLANG_WARN_OBJC_LITERAL_CONVERSION = YES;
				CLANG_WARN_OBJC_ROOT_CLASS = YES_ERROR;
				CLANG_WARN_QUOTED_INCLUDE_IN_FRAMEWORK_HEADER = YES;
				CLANG_WARN_RANGE_LOOP_ANALYSIS = YES;
				CLANG_WARN_STRICT_PROTOTYPES = YES;
				CLANG_WARN_SUSPICIOUS_MOVE = YES;
				CLANG_WARN_UNGUARDED_AVAILABILITY = YES_AGGRESSIVE;
				CLANG_WARN_UNREACHABLE_CODE = YES;
				CLANG_WARN__DUPLICATE_METHOD_MATCH = YES;
				COPY_PHASE_STRIP = NO;
				DEAD_CODE_STRIPPING = YES;
				DEBUG_INFORMATION_FORMAT = "dwarf-with-dsym";
				ENABLE_NS_ASSERTIONS = NO;
				ENABLE_STRICT_OBJC_MSGSEND = YES;
				GCC_C_LANGUAGE_STANDARD = gnu11;
				GCC_NO_COMMON_BLOCKS = YES;
				GCC_WARN_64_TO_32_BIT_CONVERSION = YES;
				GCC_WARN_ABOUT_RETURN_TYPE = YES_ERROR;
				GCC_WARN_UNDECLARED_SELECTOR = YES;
				GCC_WARN_UNINITIALIZED_AUTOS = YES_AGGRESSIVE;
				GCC_WARN_UNUSED_FUNCTION = YES;
				GCC_WARN_UNUSED_VARIABLE = YES;
				MTL_ENABLE_DEBUG_INFO = NO;
				PRODUCT_NAME = "$(TARGET_NAME)";
				VALIDATE_PRODUCT = YES;
			};
			name = Release;
		};
		884A8EE438754C71C6778EF6 /* Debug */ = {
			isa = XCBuildConfiguration;
			buildSettings = {
				ASSETCATALOG_COMPILER_APPICON_NAME = AppIcon;
				CODE_SIGN_IDENTITY = "iPhone Developer";
				ENABLE_PREVIEWS = YES;
				INFOPLIST_FILE = "Derived/InfoPlists/UIKitExample-Info.plist";
				IPHONEOS_DEPLOYMENT_TARGET = 11.0;
				LD_RUNPATH_SEARCH_PATHS = (
					"$(inherited)",
					"@executable_path/Frameworks",
				);
				PRODUCT_BUNDLE_IDENTIFIER = com.tosspayments.paymentsdk.examples.uikit;
				PRODUCT_NAME = "TossPayments UIKitExample";
				SDKROOT = iphoneos;
				SUPPORTS_MACCATALYST = NO;
				SWIFT_ACTIVE_COMPILATION_CONDITIONS = DEBUG;
				SWIFT_COMPILATION_MODE = singlefile;
				SWIFT_OPTIMIZATION_LEVEL = "-Onone";
				SWIFT_VERSION = 5.0;
				TARGETED_DEVICE_FAMILY = "1,2";
			};
			name = Debug;
		};
/* End XCBuildConfiguration section */

/* Begin XCConfigurationList section */
		29A7F91D0D969A0ADD579A70 /* Build configuration list for PBXNativeTarget "UIKitExample" */ = {
			isa = XCConfigurationList;
			buildConfigurations = (
				884A8EE438754C71C6778EF6 /* Debug */,
				1339DEEDEEDDB852B6294D2A /* Release */,
			);
			defaultConfigurationIsVisible = 0;
			defaultConfigurationName = Release;
		};
		ACD8362F76C8B4278BE05300 /* Build configuration list for PBXProject "UIKitExample" */ = {
			isa = XCConfigurationList;
			buildConfigurations = (
				2CCE74DCBAFDDA286FC59B26 /* Debug */,
				6CCD73B8A6D950642FA88F61 /* Release */,
			);
			defaultConfigurationIsVisible = 0;
			defaultConfigurationName = Release;
		};
/* End XCConfigurationList section */

/* Begin XCSwiftPackageProductDependency section */
		1CFA866A4D7C8B033D670D7F /* TossPayments */ = {
			isa = XCSwiftPackageProductDependency;
			productName = TossPayments;
		};
/* End XCSwiftPackageProductDependency section */
	};
	rootObject = E719D065FEA419CD729FCD6A /* Project object */;
}
