// !$*UTF8*$!
{
	archiveVersion = 1;
	classes = {
	};
	objectVersion = 60;
	objects = {

/* Begin PBXBuildFile section */
		6A12813F2ADE89420057CF8A /* AppDelegate.swift in Sources */ = {isa = PBXBuildFile; fileRef = 6A12813E2ADE89420057CF8A /* AppDelegate.swift */; };
		6A1281412ADE89420057CF8A /* SceneDelegate.swift in Sources */ = {isa = PBXBuildFile; fileRef = 6A1281402ADE89420057CF8A /* SceneDelegate.swift */; };
		6A1281432ADE89420057CF8A /* ViewController.swift in Sources */ = {isa = PBXBuildFile; fileRef = 6A1281422ADE89420057CF8A /* ViewController.swift */; };
		6A1281462ADE89420057CF8A /* Main.storyboard in Resources */ = {isa = PBXBuildFile; fileRef = 6A1281442ADE89420057CF8A /* Main.storyboard */; };
		6A1281482ADE89430057CF8A /* Assets.xcassets in Resources */ = {isa = PBXBuildFile; fileRef = 6A1281472ADE89430057CF8A /* Assets.xcassets */; };
		6A12814B2ADE89430057CF8A /* LaunchScreen.storyboard in Resources */ = {isa = PBXBuildFile; fileRef = 6A1281492ADE89430057CF8A /* LaunchScreen.storyboard */; };
		6A1281562ADE89430057CF8A /* TossPayments_SPMTests.swift in Sources */ = {isa = PBXBuildFile; fileRef = 6A1281552ADE89430057CF8A /* TossPayments_SPMTests.swift */; };
		6A1281602ADE89430057CF8A /* TossPayments_SPMUITests.swift in Sources */ = {isa = PBXBuildFile; fileRef = 6A12815F2ADE89430057CF8A /* TossPayments_SPMUITests.swift */; };
		6A1281622ADE89430057CF8A /* TossPayments_SPMUITestsLaunchTests.swift in Sources */ = {isa = PBXBuildFile; fileRef = 6A1281612ADE89430057CF8A /* TossPayments_SPMUITestsLaunchTests.swift */; };
		6A1281702ADE89590057CF8A /* TossPayments in Frameworks */ = {isa = PBXBuildFile; productRef = 6A12816F2ADE89590057CF8A /* TossPayments */; };
/* End PBXBuildFile section */

/* Begin PBXContainerItemProxy section */
		6A1281522ADE89430057CF8A /* PBXContainerItemProxy */ = {
			isa = PBXContainerItemProxy;
			containerPortal = 6A1281332ADE89420057CF8A /* Project object */;
			proxyType = 1;
			remoteGlobalIDString = 6A12813A2ADE89420057CF8A;
			remoteInfo = "TossPayments-SPM";
		};
		6A12815C2ADE89430057CF8A /* PBXContainerItemProxy */ = {
			isa = PBXContainerItemProxy;
			containerPortal = 6A1281332ADE89420057CF8A /* Project object */;
			proxyType = 1;
			remoteGlobalIDString = 6A12813A2ADE89420057CF8A;
			remoteInfo = "TossPayments-SPM";
		};
/* End PBXContainerItemProxy section */

/* Begin PBXFileReference section */
		6A12813B2ADE89420057CF8A /* TossPayments-SPM.app */ = {isa = PBXFileReference; explicitFileType = wrapper.application; includeInIndex = 0; path = "TossPayments-SPM.app"; sourceTree = BUILT_PRODUCTS_DIR; };
		6A12813E2ADE89420057CF8A /* AppDelegate.swift */ = {isa = PBXFileReference; lastKnownFileType = sourcecode.swift; path = AppDelegate.swift; sourceTree = "<group>"; };
		6A1281402ADE89420057CF8A /* SceneDelegate.swift */ = {isa = PBXFileReference; lastKnownFileType = sourcecode.swift; path = SceneDelegate.swift; sourceTree = "<group>"; };
		6A1281422ADE89420057CF8A /* ViewController.swift */ = {isa = PBXFileReference; lastKnownFileType = sourcecode.swift; path = ViewController.swift; sourceTree = "<group>"; };
		6A1281452ADE89420057CF8A /* Base */ = {isa = PBXFileReference; lastKnownFileType = file.storyboard; name = Base; path = Base.lproj/Main.storyboard; sourceTree = "<group>"; };
		6A1281472ADE89430057CF8A /* Assets.xcassets */ = {isa = PBXFileReference; lastKnownFileType = folder.assetcatalog; path = Assets.xcassets; sourceTree = "<group>"; };
		6A12814A2ADE89430057CF8A /* Base */ = {isa = PBXFileReference; lastKnownFileType = file.storyboard; name = Base; path = Base.lproj/LaunchScreen.storyboard; sourceTree = "<group>"; };
		6A12814C2ADE89430057CF8A /* Info.plist */ = {isa = PBXFileReference; lastKnownFileType = text.plist.xml; path = Info.plist; sourceTree = "<group>"; };
		6A1281512ADE89430057CF8A /* TossPayments-SPMTests.xctest */ = {isa = PBXFileReference; explicitFileType = wrapper.cfbundle; includeInIndex = 0; path = "TossPayments-SPMTests.xctest"; sourceTree = BUILT_PRODUCTS_DIR; };
		6A1281552ADE89430057CF8A /* TossPayments_SPMTests.swift */ = {isa = PBXFileReference; lastKnownFileType = sourcecode.swift; path = TossPayments_SPMTests.swift; sourceTree = "<group>"; };
		6A12815B2ADE89430057CF8A /* TossPayments-SPMUITests.xctest */ = {isa = PBXFileReference; explicitFileType = wrapper.cfbundle; includeInIndex = 0; path = "TossPayments-SPMUITests.xctest"; sourceTree = BUILT_PRODUCTS_DIR; };
		6A12815F2ADE89430057CF8A /* TossPayments_SPMUITests.swift */ = {isa = PBXFileReference; lastKnownFileType = sourcecode.swift; path = TossPayments_SPMUITests.swift; sourceTree = "<group>"; };
		6A1281612ADE89430057CF8A /* TossPayments_SPMUITestsLaunchTests.swift */ = {isa = PBXFileReference; lastKnownFileType = sourcecode.swift; path = TossPayments_SPMUITestsLaunchTests.swift; sourceTree = "<group>"; };
/* End PBXFileReference section */

/* Begin PBXFrameworksBuildPhase section */
		6A1281382ADE89420057CF8A /* Frameworks */ = {
			isa = PBXFrameworksBuildPhase;
			buildActionMask = 2147483647;
			files = (
				6A1281702ADE89590057CF8A /* TossPayments in Frameworks */,
			);
			runOnlyForDeploymentPostprocessing = 0;
		};
		6A12814E2ADE89430057CF8A /* Frameworks */ = {
			isa = PBXFrameworksBuildPhase;
			buildActionMask = 2147483647;
			files = (
			);
			runOnlyForDeploymentPostprocessing = 0;
		};
		6A1281582ADE89430057CF8A /* Frameworks */ = {
			isa = PBXFrameworksBuildPhase;
			buildActionMask = 2147483647;
			files = (
			);
			runOnlyForDeploymentPostprocessing = 0;
		};
/* End PBXFrameworksBuildPhase section */

/* Begin PBXGroup section */
		6A1281322ADE89420057CF8A = {
			isa = PBXGroup;
			children = (
				6A12813D2ADE89420057CF8A /* TossPayments-SPM */,
				6A1281542ADE89430057CF8A /* TossPayments-SPMTests */,
				6A12815E2ADE89430057CF8A /* TossPayments-SPMUITests */,
				6A12813C2ADE89420057CF8A /* Products */,
			);
			sourceTree = "<group>";
		};
		6A12813C2ADE89420057CF8A /* Products */ = {
			isa = PBXGroup;
			children = (
				6A12813B2ADE89420057CF8A /* TossPayments-SPM.app */,
				6A1281512ADE89430057CF8A /* TossPayments-SPMTests.xctest */,
				6A12815B2ADE89430057CF8A /* TossPayments-SPMUITests.xctest */,
			);
			name = Products;
			sourceTree = "<group>";
		};
		6A12813D2ADE89420057CF8A /* TossPayments-SPM */ = {
			isa = PBXGroup;
			children = (
				6A12813E2ADE89420057CF8A /* AppDelegate.swift */,
				6A1281402ADE89420057CF8A /* SceneDelegate.swift */,
				6A1281422ADE89420057CF8A /* ViewController.swift */,
				6A1281442ADE89420057CF8A /* Main.storyboard */,
				6A1281472ADE89430057CF8A /* Assets.xcassets */,
				6A1281492ADE89430057CF8A /* LaunchScreen.storyboard */,
				6A12814C2ADE89430057CF8A /* Info.plist */,
			);
			path = "TossPayments-SPM";
			sourceTree = "<group>";
		};
		6A1281542ADE89430057CF8A /* TossPayments-SPMTests */ = {
			isa = PBXGroup;
			children = (
				6A1281552ADE89430057CF8A /* TossPayments_SPMTests.swift */,
			);
			path = "TossPayments-SPMTests";
			sourceTree = "<group>";
		};
		6A12815E2ADE89430057CF8A /* TossPayments-SPMUITests */ = {
			isa = PBXGroup;
			children = (
				6A12815F2ADE89430057CF8A /* TossPayments_SPMUITests.swift */,
				6A1281612ADE89430057CF8A /* TossPayments_SPMUITestsLaunchTests.swift */,
			);
			path = "TossPayments-SPMUITests";
			sourceTree = "<group>";
		};
/* End PBXGroup section */

/* Begin PBXNativeTarget section */
		6A12813A2ADE89420057CF8A /* TossPayments-SPM */ = {
			isa = PBXNativeTarget;
			buildConfigurationList = 6A1281652ADE89430057CF8A /* Build configuration list for PBXNativeTarget "TossPayments-SPM" */;
			buildPhases = (
				6A1281372ADE89420057CF8A /* Sources */,
				6A1281382ADE89420057CF8A /* Frameworks */,
				6A1281392ADE89420057CF8A /* Resources */,
			);
			buildRules = (
			);
			dependencies = (
			);
			name = "TossPayments-SPM";
			packageProductDependencies = (
				6A12816F2ADE89590057CF8A /* TossPayments */,
			);
			productName = "TossPayments-SPM";
			productReference = 6A12813B2ADE89420057CF8A /* TossPayments-SPM.app */;
			productType = "com.apple.product-type.application";
		};
		6A1281502ADE89430057CF8A /* TossPayments-SPMTests */ = {
			isa = PBXNativeTarget;
			buildConfigurationList = 6A1281682ADE89430057CF8A /* Build configuration list for PBXNativeTarget "TossPayments-SPMTests" */;
			buildPhases = (
				6A12814D2ADE89430057CF8A /* Sources */,
				6A12814E2ADE89430057CF8A /* Frameworks */,
				6A12814F2ADE89430057CF8A /* Resources */,
			);
			buildRules = (
			);
			dependencies = (
				6A1281532ADE89430057CF8A /* PBXTargetDependency */,
			);
			name = "TossPayments-SPMTests";
			productName = "TossPayments-SPMTests";
			productReference = 6A1281512ADE89430057CF8A /* TossPayments-SPMTests.xctest */;
			productType = "com.apple.product-type.bundle.unit-test";
		};
		6A12815A2ADE89430057CF8A /* TossPayments-SPMUITests */ = {
			isa = PBXNativeTarget;
			buildConfigurationList = 6A12816B2ADE89430057CF8A /* Build configuration list for PBXNativeTarget "TossPayments-SPMUITests" */;
			buildPhases = (
				6A1281572ADE89430057CF8A /* Sources */,
				6A1281582ADE89430057CF8A /* Frameworks */,
				6A1281592ADE89430057CF8A /* Resources */,
			);
			buildRules = (
			);
			dependencies = (
				6A12815D2ADE89430057CF8A /* PBXTargetDependency */,
			);
			name = "TossPayments-SPMUITests";
			productName = "TossPayments-SPMUITests";
			productReference = 6A12815B2ADE89430057CF8A /* TossPayments-SPMUITests.xctest */;
			productType = "com.apple.product-type.bundle.ui-testing";
		};
/* End PBXNativeTarget section */

/* Begin PBXProject section */
		6A1281332ADE89420057CF8A /* Project object */ = {
			isa = PBXProject;
			attributes = {
				BuildIndependentTargetsInParallel = 1;
				LastSwiftUpdateCheck = 1500;
				LastUpgradeCheck = 1500;
				TargetAttributes = {
					6A12813A2ADE89420057CF8A = {
						CreatedOnToolsVersion = 15.0;
					};
					6A1281502ADE89430057CF8A = {
						CreatedOnToolsVersion = 15.0;
						TestTargetID = 6A12813A2ADE89420057CF8A;
					};
					6A12815A2ADE89430057CF8A = {
						CreatedOnToolsVersion = 15.0;
						TestTargetID = 6A12813A2ADE89420057CF8A;
					};
				};
			};
			buildConfigurationList = 6A1281362ADE89420057CF8A /* Build configuration list for PBXProject "TossPayments-SPM" */;
			compatibilityVersion = "Xcode 14.0";
			developmentRegion = en;
			hasScannedForEncodings = 0;
			knownRegions = (
				en,
				Base,
			);
			mainGroup = 6A1281322ADE89420057CF8A;
			packageReferences = (
				6A12816E2ADE89590057CF8A /* XCLocalSwiftPackageReference "../../.." */,
			);
			productRefGroup = 6A12813C2ADE89420057CF8A /* Products */;
			projectDirPath = "";
			projectRoot = "";
			targets = (
				6A12813A2ADE89420057CF8A /* TossPayments-SPM */,
				6A1281502ADE89430057CF8A /* TossPayments-SPMTests */,
				6A12815A2ADE89430057CF8A /* TossPayments-SPMUITests */,
			);
		};
/* End PBXProject section */

/* Begin PBXResourcesBuildPhase section */
		6A1281392ADE89420057CF8A /* Resources */ = {
			isa = PBXResourcesBuildPhase;
			buildActionMask = 2147483647;
			files = (
				6A12814B2ADE89430057CF8A /* LaunchScreen.storyboard in Resources */,
				6A1281482ADE89430057CF8A /* Assets.xcassets in Resources */,
				6A1281462ADE89420057CF8A /* Main.storyboard in Resources */,
			);
			runOnlyForDeploymentPostprocessing = 0;
		};
		6A12814F2ADE89430057CF8A /* Resources */ = {
			isa = PBXResourcesBuildPhase;
			buildActionMask = 2147483647;
			files = (
			);
			runOnlyForDeploymentPostprocessing = 0;
		};
		6A1281592ADE89430057CF8A /* Resources */ = {
			isa = PBXResourcesBuildPhase;
			buildActionMask = 2147483647;
			files = (
			);
			runOnlyForDeploymentPostprocessing = 0;
		};
/* End PBXResourcesBuildPhase section */

/* Begin PBXSourcesBuildPhase section */
		6A1281372ADE89420057CF8A /* Sources */ = {
			isa = PBXSourcesBuildPhase;
			buildActionMask = 2147483647;
			files = (
				6A1281432ADE89420057CF8A /* ViewController.swift in Sources */,
				6A12813F2ADE89420057CF8A /* AppDelegate.swift in Sources */,
				6A1281412ADE89420057CF8A /* SceneDelegate.swift in Sources */,
			);
			runOnlyForDeploymentPostprocessing = 0;
		};
		6A12814D2ADE89430057CF8A /* Sources */ = {
			isa = PBXSourcesBuildPhase;
			buildActionMask = 2147483647;
			files = (
				6A1281562ADE89430057CF8A /* TossPayments_SPMTests.swift in Sources */,
			);
			runOnlyForDeploymentPostprocessing = 0;
		};
		6A1281572ADE89430057CF8A /* Sources */ = {
			isa = PBXSourcesBuildPhase;
			buildActionMask = 2147483647;
			files = (
				6A1281602ADE89430057CF8A /* TossPayments_SPMUITests.swift in Sources */,
				6A1281622ADE89430057CF8A /* TossPayments_SPMUITestsLaunchTests.swift in Sources */,
			);
			runOnlyForDeploymentPostprocessing = 0;
		};
/* End PBXSourcesBuildPhase section */

/* Begin PBXTargetDependency section */
		6A1281532ADE89430057CF8A /* PBXTargetDependency */ = {
			isa = PBXTargetDependency;
			target = 6A12813A2ADE89420057CF8A /* TossPayments-SPM */;
			targetProxy = 6A1281522ADE89430057CF8A /* PBXContainerItemProxy */;
		};
		6A12815D2ADE89430057CF8A /* PBXTargetDependency */ = {
			isa = PBXTargetDependency;
			target = 6A12813A2ADE89420057CF8A /* TossPayments-SPM */;
			targetProxy = 6A12815C2ADE89430057CF8A /* PBXContainerItemProxy */;
		};
/* End PBXTargetDependency section */

/* Begin PBXVariantGroup section */
		6A1281442ADE89420057CF8A /* Main.storyboard */ = {
			isa = PBXVariantGroup;
			children = (
				6A1281452ADE89420057CF8A /* Base */,
			);
			name = Main.storyboard;
			sourceTree = "<group>";
		};
		6A1281492ADE89430057CF8A /* LaunchScreen.storyboard */ = {
			isa = PBXVariantGroup;
			children = (
				6A12814A2ADE89430057CF8A /* Base */,
			);
			name = LaunchScreen.storyboard;
			sourceTree = "<group>";
		};
/* End PBXVariantGroup section */

/* Begin XCBuildConfiguration section */
		6A1281632ADE89430057CF8A /* Debug */ = {
			isa = XCBuildConfiguration;
			buildSettings = {
				ALWAYS_SEARCH_USER_PATHS = NO;
				ASSETCATALOG_COMPILER_GENERATE_SWIFT_ASSET_SYMBOL_EXTENSIONS = YES;
				CLANG_ANALYZER_NONNULL = YES;
				CLANG_ANALYZER_NUMBER_OBJECT_CONVERSION = YES_AGGRESSIVE;
				CLANG_CXX_LANGUAGE_STANDARD = "gnu++20";
				CLANG_ENABLE_MODULES = YES;
				CLANG_ENABLE_OBJC_ARC = YES;
				CLANG_ENABLE_OBJC_WEAK = YES;
				CLANG_WARN_BLOCK_CAPTURE_AUTORELEASING = YES;
				CLANG_WARN_BOOL_CONVERSION = YES;
				CLANG_WARN_COMMA = YES;
				CLANG_WARN_CONSTANT_CONVERSION = YES;
				CLANG_WARN_DEPRECATED_OBJC_IMPLEMENTATIONS = YES;
				CLANG_WARN_DIRECT_OBJC_ISA_USAGE = YES_ERROR;
				CLANG_WARN_DOCUMENTATION_COMMENTS = YES;
				CLANG_WARN_EMPTY_BODY = YES;
				CLANG_WARN_ENUM_CONVERSION = YES;
				CLANG_WARN_INFINITE_RECURSION = YES;
				CLANG_WARN_INT_CONVERSION = YES;
				CLANG_WARN_NON_LITERAL_NULL_CONVERSION = YES;
				CLANG_WARN_OBJC_IMPLICIT_RETAIN_SELF = YES;
				CLANG_WARN_OBJC_LITERAL_CONVERSION = YES;
				CLANG_WARN_OBJC_ROOT_CLASS = YES_ERROR;
				CLANG_WARN_QUOTED_INCLUDE_IN_FRAMEWORK_HEADER = YES;
				CLANG_WARN_RANGE_LOOP_ANALYSIS = YES;
				CLANG_WARN_STRICT_PROTOTYPES = YES;
				CLANG_WARN_SUSPICIOUS_MOVE = YES;
				CLANG_WARN_UNGUARDED_AVAILABILITY = YES_AGGRESSIVE;
				CLANG_WARN_UNREACHABLE_CODE = YES;
				CLANG_WARN__DUPLICATE_METHOD_MATCH = YES;
				COPY_PHASE_STRIP = NO;
				DEBUG_INFORMATION_FORMAT = dwarf;
				ENABLE_STRICT_OBJC_MSGSEND = YES;
				ENABLE_TESTABILITY = YES;
				ENABLE_USER_SCRIPT_SANDBOXING = YES;
				GCC_C_LANGUAGE_STANDARD = gnu17;
				GCC_DYNAMIC_NO_PIC = NO;
				GCC_NO_COMMON_BLOCKS = YES;
				GCC_OPTIMIZATION_LEVEL = 0;
				GCC_PREPROCESSOR_DEFINITIONS = (
					"DEBUG=1",
					"$(inherited)",
				);
				GCC_WARN_64_TO_32_BIT_CONVERSION = YES;
				GCC_WARN_ABOUT_RETURN_TYPE = YES_ERROR;
				GCC_WARN_UNDECLARED_SELECTOR = YES;
				GCC_WARN_UNINITIALIZED_AUTOS = YES_AGGRESSIVE;
				GCC_WARN_UNUSED_FUNCTION = YES;
				GCC_WARN_UNUSED_VARIABLE = YES;
				IPHONEOS_DEPLOYMENT_TARGET = 17.0;
				LOCALIZATION_PREFERS_STRING_CATALOGS = YES;
				MTL_ENABLE_DEBUG_INFO = INCLUDE_SOURCE;
				MTL_FAST_MATH = YES;
				ONLY_ACTIVE_ARCH = YES;
				SDKROOT = iphoneos;
				SWIFT_ACTIVE_COMPILATION_CONDITIONS = "DEBUG $(inherited)";
				SWIFT_OPTIMIZATION_LEVEL = "-Onone";
			};
			name = Debug;
		};
		6A1281642ADE89430057CF8A /* Release */ = {
			isa = XCBuildConfiguration;
			buildSettings = {
				ALWAYS_SEARCH_USER_PATHS = NO;
				ASSETCATALOG_COMPILER_GENERATE_SWIFT_ASSET_SYMBOL_EXTENSIONS = YES;
				CLANG_ANALYZER_NONNULL = YES;
				CLANG_ANALYZER_NUMBER_OBJECT_CONVERSION = YES_AGGRESSIVE;
				CLANG_CXX_LANGUAGE_STANDARD = "gnu++20";
				CLANG_ENABLE_MODULES = YES;
				CLANG_ENABLE_OBJC_ARC = YES;
				CLANG_ENABLE_OBJC_WEAK = YES;
				CLANG_WARN_BLOCK_CAPTURE_AUTORELEASING = YES;
				CLANG_WARN_BOOL_CONVERSION = YES;
				CLANG_WARN_COMMA = YES;
				CLANG_WARN_CONSTANT_CONVERSION = YES;
				CLANG_WARN_DEPRECATED_OBJC_IMPLEMENTATIONS = YES;
				CLANG_WARN_DIRECT_OBJC_ISA_USAGE = YES_ERROR;
				CLANG_WARN_DOCUMENTATION_COMMENTS = YES;
				CLANG_WARN_EMPTY_BODY = YES;
				CLANG_WARN_ENUM_CONVERSION = YES;
				CLANG_WARN_INFINITE_RECURSION = YES;
				CLANG_WARN_INT_CONVERSION = YES;
				CLANG_WARN_NON_LITERAL_NULL_CONVERSION = YES;
				CLANG_WARN_OBJC_IMPLICIT_RETAIN_SELF = YES;
				CLANG_WARN_OBJC_LITERAL_CONVERSION = YES;
				CLANG_WARN_OBJC_ROOT_CLASS = YES_ERROR;
				CLANG_WARN_QUOTED_INCLUDE_IN_FRAMEWORK_HEADER = YES;
				CLANG_WARN_RANGE_LOOP_ANALYSIS = YES;
				CLANG_WARN_STRICT_PROTOTYPES = YES;
				CLANG_WARN_SUSPICIOUS_MOVE = YES;
				CLANG_WARN_UNGUARDED_AVAILABILITY = YES_AGGRESSIVE;
				CLANG_WARN_UNREACHABLE_CODE = YES;
				CLANG_WARN__DUPLICATE_METHOD_MATCH = YES;
				COPY_PHASE_STRIP = NO;
				DEBUG_INFORMATION_FORMAT = "dwarf-with-dsym";
				ENABLE_NS_ASSERTIONS = NO;
				ENABLE_STRICT_OBJC_MSGSEND = YES;
				ENABLE_USER_SCRIPT_SANDBOXING = YES;
				GCC_C_LANGUAGE_STANDARD = gnu17;
				GCC_NO_COMMON_BLOCKS = YES;
				GCC_WARN_64_TO_32_BIT_CONVERSION = YES;
				GCC_WARN_ABOUT_RETURN_TYPE = YES_ERROR;
				GCC_WARN_UNDECLARED_SELECTOR = YES;
				GCC_WARN_UNINITIALIZED_AUTOS = YES_AGGRESSIVE;
				GCC_WARN_UNUSED_FUNCTION = YES;
				GCC_WARN_UNUSED_VARIABLE = YES;
				IPHONEOS_DEPLOYMENT_TARGET = 17.0;
				LOCALIZATION_PREFERS_STRING_CATALOGS = YES;
				MTL_ENABLE_DEBUG_INFO = NO;
				MTL_FAST_MATH = YES;
				SDKROOT = iphoneos;
				SWIFT_COMPILATION_MODE = wholemodule;
				VALIDATE_PRODUCT = YES;
			};
			name = Release;
		};
		6A1281662ADE89430057CF8A /* Debug */ = {
			isa = XCBuildConfiguration;
			buildSettings = {
				ASSETCATALOG_COMPILER_APPICON_NAME = AppIcon;
				ASSETCATALOG_COMPILER_GLOBAL_ACCENT_COLOR_NAME = AccentColor;
				CODE_SIGN_STYLE = Automatic;
				CURRENT_PROJECT_VERSION = 1;
				DEVELOPMENT_TEAM = 72HBUP85JZ;
				GENERATE_INFOPLIST_FILE = YES;
				INFOPLIST_FILE = "TossPayments-SPM/Info.plist";
				INFOPLIST_KEY_UIApplicationSupportsIndirectInputEvents = YES;
				INFOPLIST_KEY_UILaunchStoryboardName = LaunchScreen;
				INFOPLIST_KEY_UIMainStoryboardFile = Main;
				INFOPLIST_KEY_UISupportedInterfaceOrientations_iPad = "UIInterfaceOrientationPortrait UIInterfaceOrientationPortraitUpsideDown UIInterfaceOrientationLandscapeLeft UIInterfaceOrientationLandscapeRight";
				INFOPLIST_KEY_UISupportedInterfaceOrientations_iPhone = "UIInterfaceOrientationPortrait UIInterfaceOrientationLandscapeLeft UIInterfaceOrientationLandscapeRight";
				LD_RUNPATH_SEARCH_PATHS = (
					"$(inherited)",
					"@executable_path/Frameworks",
				);
				MARKETING_VERSION = 1.0;
				PRODUCT_BUNDLE_IDENTIFIER = "com.vivaRepublica.TossPayments-SPM";
				PRODUCT_NAME = "$(TARGET_NAME)";
				SWIFT_EMIT_LOC_STRINGS = YES;
				SWIFT_VERSION = 5.0;
				TARGETED_DEVICE_FAMILY = "1,2";
			};
			name = Debug;
		};
		6A1281672ADE89430057CF8A /* Release */ = {
			isa = XCBuildConfiguration;
			buildSettings = {
				ASSETCATALOG_COMPILER_APPICON_NAME = AppIcon;
				ASSETCATALOG_COMPILER_GLOBAL_ACCENT_COLOR_NAME = AccentColor;
				CODE_SIGN_STYLE = Automatic;
				CURRENT_PROJECT_VERSION = 1;
				DEVELOPMENT_TEAM = 72HBUP85JZ;
				GENERATE_INFOPLIST_FILE = YES;
				INFOPLIST_FILE = "TossPayments-SPM/Info.plist";
				INFOPLIST_KEY_UIApplicationSupportsIndirectInputEvents = YES;
				INFOPLIST_KEY_UILaunchStoryboardName = LaunchScreen;
				INFOPLIST_KEY_UIMainStoryboardFile = Main;
				INFOPLIST_KEY_UISupportedInterfaceOrientations_iPad = "UIInterfaceOrientationPortrait UIInterfaceOrientationPortraitUpsideDown UIInterfaceOrientationLandscapeLeft UIInterfaceOrientationLandscapeRight";
				INFOPLIST_KEY_UISupportedInterfaceOrientations_iPhone = "UIInterfaceOrientationPortrait UIInterfaceOrientationLandscapeLeft UIInterfaceOrientationLandscapeRight";
				LD_RUNPATH_SEARCH_PATHS = (
					"$(inherited)",
					"@executable_path/Frameworks",
				);
				MARKETING_VERSION = 1.0;
				PRODUCT_BUNDLE_IDENTIFIER = "com.vivaRepublica.TossPayments-SPM";
				PRODUCT_NAME = "$(TARGET_NAME)";
				SWIFT_EMIT_LOC_STRINGS = YES;
				SWIFT_VERSION = 5.0;
				TARGETED_DEVICE_FAMILY = "1,2";
			};
			name = Release;
		};
		6A1281692ADE89430057CF8A /* Debug */ = {
			isa = XCBuildConfiguration;
			buildSettings = {
				ALWAYS_EMBED_SWIFT_STANDARD_LIBRARIES = YES;
				BUNDLE_LOADER = "$(TEST_HOST)";
				CODE_SIGN_STYLE = Automatic;
				CURRENT_PROJECT_VERSION = 1;
				DEVELOPMENT_TEAM = 72HBUP85JZ;
				GENERATE_INFOPLIST_FILE = YES;
				IPHONEOS_DEPLOYMENT_TARGET = 17.0;
				MARKETING_VERSION = 1.0;
				PRODUCT_BUNDLE_IDENTIFIER = "com.vivaRepublica.TossPayments-SPMTests";
				PRODUCT_NAME = "$(TARGET_NAME)";
				SWIFT_EMIT_LOC_STRINGS = NO;
				SWIFT_VERSION = 5.0;
				TARGETED_DEVICE_FAMILY = "1,2";
				TEST_HOST = "$(BUILT_PRODUCTS_DIR)/TossPayments-SPM.app/$(BUNDLE_EXECUTABLE_FOLDER_PATH)/TossPayments-SPM";
			};
			name = Debug;
		};
		6A12816A2ADE89430057CF8A /* Release */ = {
			isa = XCBuildConfiguration;
			buildSettings = {
				ALWAYS_EMBED_SWIFT_STANDARD_LIBRARIES = YES;
				BUNDLE_LOADER = "$(TEST_HOST)";
				CODE_SIGN_STYLE = Automatic;
				CURRENT_PROJECT_VERSION = 1;
				DEVELOPMENT_TEAM = 72HBUP85JZ;
				GENERATE_INFOPLIST_FILE = YES;
				IPHONEOS_DEPLOYMENT_TARGET = 17.0;
				MARKETING_VERSION = 1.0;
				PRODUCT_BUNDLE_IDENTIFIER = "com.vivaRepublica.TossPayments-SPMTests";
				PRODUCT_NAME = "$(TARGET_NAME)";
				SWIFT_EMIT_LOC_STRINGS = NO;
				SWIFT_VERSION = 5.0;
				TARGETED_DEVICE_FAMILY = "1,2";
				TEST_HOST = "$(BUILT_PRODUCTS_DIR)/TossPayments-SPM.app/$(BUNDLE_EXECUTABLE_FOLDER_PATH)/TossPayments-SPM";
			};
			name = Release;
		};
		6A12816C2ADE89430057CF8A /* Debug */ = {
			isa = XCBuildConfiguration;
			buildSettings = {
				ALWAYS_EMBED_SWIFT_STANDARD_LIBRARIES = YES;
				CODE_SIGN_STYLE = Automatic;
				CURRENT_PROJECT_VERSION = 1;
				DEVELOPMENT_TEAM = 72HBUP85JZ;
				GENERATE_INFOPLIST_FILE = YES;
				MARKETING_VERSION = 1.0;
				PRODUCT_BUNDLE_IDENTIFIER = "com.vivaRepublica.TossPayments-SPMUITests";
				PRODUCT_NAME = "$(TARGET_NAME)";
				SWIFT_EMIT_LOC_STRINGS = NO;
				SWIFT_VERSION = 5.0;
				TARGETED_DEVICE_FAMILY = "1,2";
				TEST_TARGET_NAME = "TossPayments-SPM";
			};
			name = Debug;
		};
		6A12816D2ADE89430057CF8A /* Release */ = {
			isa = XCBuildConfiguration;
			buildSettings = {
				ALWAYS_EMBED_SWIFT_STANDARD_LIBRARIES = YES;
				CODE_SIGN_STYLE = Automatic;
				CURRENT_PROJECT_VERSION = 1;
				DEVELOPMENT_TEAM = 72HBUP85JZ;
				GENERATE_INFOPLIST_FILE = YES;
				MARKETING_VERSION = 1.0;
				PRODUCT_BUNDLE_IDENTIFIER = "com.vivaRepublica.TossPayments-SPMUITests";
				PRODUCT_NAME = "$(TARGET_NAME)";
				SWIFT_EMIT_LOC_STRINGS = NO;
				SWIFT_VERSION = 5.0;
				TARGETED_DEVICE_FAMILY = "1,2";
				TEST_TARGET_NAME = "TossPayments-SPM";
			};
			name = Release;
		};
/* End XCBuildConfiguration section */

/* Begin XCConfigurationList section */
		6A1281362ADE89420057CF8A /* Build configuration list for PBXProject "TossPayments-SPM" */ = {
			isa = XCConfigurationList;
			buildConfigurations = (
				6A1281632ADE89430057CF8A /* Debug */,
				6A1281642ADE89430057CF8A /* Release */,
			);
			defaultConfigurationIsVisible = 0;
			defaultConfigurationName = Release;
		};
		6A1281652ADE89430057CF8A /* Build configuration list for PBXNativeTarget "TossPayments-SPM" */ = {
			isa = XCConfigurationList;
			buildConfigurations = (
				6A1281662ADE89430057CF8A /* Debug */,
				6A1281672ADE89430057CF8A /* Release */,
			);
			defaultConfigurationIsVisible = 0;
			defaultConfigurationName = Release;
		};
		6A1281682ADE89430057CF8A /* Build configuration list for PBXNativeTarget "TossPayments-SPMTests" */ = {
			isa = XCConfigurationList;
			buildConfigurations = (
				6A1281692ADE89430057CF8A /* Debug */,
				6A12816A2ADE89430057CF8A /* Release */,
			);
			defaultConfigurationIsVisible = 0;
			defaultConfigurationName = Release;
		};
		6A12816B2ADE89430057CF8A /* Build configuration list for PBXNativeTarget "TossPayments-SPMUITests" */ = {
			isa = XCConfigurationList;
			buildConfigurations = (
				6A12816C2ADE89430057CF8A /* Debug */,
				6A12816D2ADE89430057CF8A /* Release */,
			);
			defaultConfigurationIsVisible = 0;
			defaultConfigurationName = Release;
		};
/* End XCConfigurationList section */

/* Begin XCLocalSwiftPackageReference section */
		6A12816E2ADE89590057CF8A /* XCLocalSwiftPackageReference "../../.." */ = {
			isa = XCLocalSwiftPackageReference;
			relativePath = ../../..;
		};
/* End XCLocalSwiftPackageReference section */

/* Begin XCSwiftPackageProductDependency section */
		6A12816F2ADE89590057CF8A /* TossPayments */ = {
			isa = XCSwiftPackageProductDependency;
			productName = TossPayments;
		};
/* End XCSwiftPackageProductDependency section */
	};
	rootObject = 6A1281332ADE89420057CF8A /* Project object */;
}
