// !$*UTF8*$!
{
	archiveVersion = 1;
	classes = {
	};
	objectVersion = 52;
	objects = {

/* Begin PBXBuildFile section */
		160DA60E3D38CB5BCC193831 /* Preview Assets.xcassets in Resources */ = {isa = PBXBuildFile; fileRef = 746EB852002775CFCD35DC05 /* Preview Assets.xcassets */; };
		54C0B01A5C996F444816DA6D /* TuistBundle+SwiftUIExample.swift in Sources */ = {isa = PBXBuildFile; fileRef = E95116F33656CFE52514662C /* TuistBundle+SwiftUIExample.swift */; };
		716016B8B40E9190271BD366 /* Assets.xcassets in Resources */ = {isa = PBXBuildFile; fileRef = 876FE87B98611FE9BC312DBF /* Assets.xcassets */; };
		8EFBB77CBD1AA56C5CA9BA76 /* TuistAssets+SwiftUIExample.swift in Sources */ = {isa = PBXBuildFile; fileRef = F3C7929066819F74243D32D8 /* TuistAssets+SwiftUIExample.swift */; };
		AF8DE9A59820BFD747883292 /* ContentView.swift in Sources */ = {isa = PBXBuildFile; fileRef = 9A36C7ABA81EF32ED82A007C /* ContentView.swift */; };
		B7FC8757D7077B659054EAE3 /* SwiftUIExampleApp.swift in Sources */ = {isa = PBXBuildFile; fileRef = 5C3F06186CFA8BB4CFD6F76D /* SwiftUIExampleApp.swift */; };
		E596D9BE85063139B5D39571 /* TossPayments in Frameworks */ = {isa = PBXBuildFile; productRef = F409194822063A2E5CE624A5 /* TossPayments */; };
/* End PBXBuildFile section */

/* Begin PBXCopyFilesBuildPhase section */
		9DFA68E2ACAEA419839A5E65 /* Embed Frameworks */ = {
			isa = PBXCopyFilesBuildPhase;
			buildActionMask = 2147483647;
			dstPath = "";
			dstSubfolderSpec = 10;
			files = (
			);
			name = "Embed Frameworks";
			runOnlyForDeploymentPostprocessing = 0;
		};
/* End PBXCopyFilesBuildPhase section */

/* Begin PBXFileReference section */
		42221DF982FD1BC0F6F304A1 /* SwiftUIExample-Info.plist */ = {isa = PBXFileReference; lastKnownFileType = text.plist; path = "SwiftUIExample-Info.plist"; sourceTree = "<group>"; };
		5C3F06186CFA8BB4CFD6F76D /* SwiftUIExampleApp.swift */ = {isa = PBXFileReference; lastKnownFileType = sourcecode.swift; path = SwiftUIExampleApp.swift; sourceTree = "<group>"; };
		746EB852002775CFCD35DC05 /* Preview Assets.xcassets */ = {isa = PBXFileReference; lastKnownFileType = folder.assetcatalog; path = "Preview Assets.xcassets"; sourceTree = "<group>"; };
		876FE87B98611FE9BC312DBF /* Assets.xcassets */ = {isa = PBXFileReference; lastKnownFileType = folder.assetcatalog; path = Assets.xcassets; sourceTree = "<group>"; };
		88FA8434120EB88AEE8DD06C /* Project.swift */ = {isa = PBXFileReference; lastKnownFileType = sourcecode.swift; path = Project.swift; sourceTree = "<group>"; };
		9A36C7ABA81EF32ED82A007C /* ContentView.swift */ = {isa = PBXFileReference; lastKnownFileType = sourcecode.swift; path = ContentView.swift; sourceTree = "<group>"; };
		9D389CF6EA8D15B911CECD3C /* TossPayments SwiftUIExample.app */ = {isa = PBXFileReference; explicitFileType = wrapper.application; includeInIndex = 0; path = "TossPayments SwiftUIExample.app"; sourceTree = BUILT_PRODUCTS_DIR; };
		B2946A4CFBF3649D6642B3F3 /* payment-sdk-ios */ = {isa = PBXFileReference; lastKnownFileType = folder; name = "payment-sdk-ios"; path = ../../..; sourceTree = "<group>"; };
		E95116F33656CFE52514662C /* TuistBundle+SwiftUIExample.swift */ = {isa = PBXFileReference; lastKnownFileType = sourcecode.swift; path = "TuistBundle+SwiftUIExample.swift"; sourceTree = "<group>"; };
		F3C7929066819F74243D32D8 /* TuistAssets+SwiftUIExample.swift */ = {isa = PBXFileReference; lastKnownFileType = sourcecode.swift; path = "TuistAssets+SwiftUIExample.swift"; sourceTree = "<group>"; };
/* End PBXFileReference section */

/* Begin PBXFrameworksBuildPhase section */
		86247E53049DF0B9B44BC7E2 /* Frameworks */ = {
			isa = PBXFrameworksBuildPhase;
			buildActionMask = 2147483647;
			files = (
				E596D9BE85063139B5D39571 /* TossPayments in Frameworks */,
			);
			runOnlyForDeploymentPostprocessing = 0;
		};
/* End PBXFrameworksBuildPhase section */

/* Begin PBXGroup section */
		0F842D108EA61D0BFF412A71 /* Preview Content */ = {
			isa = PBXGroup;
			children = (
				746EB852002775CFCD35DC05 /* Preview Assets.xcassets */,
			);
			path = "Preview Content";
			sourceTree = "<group>";
		};
		1D92D5CCC858F58172248957 /* Sources */ = {
			isa = PBXGroup;
			children = (
				9A36C7ABA81EF32ED82A007C /* ContentView.swift */,
				5C3F06186CFA8BB4CFD6F76D /* SwiftUIExampleApp.swift */,
			);
			path = Sources;
			sourceTree = "<group>";
		};
		67BC910E160023109DA4870F /* Sources */ = {
			isa = PBXGroup;
			children = (
				F3C7929066819F74243D32D8 /* TuistAssets+SwiftUIExample.swift */,
				E95116F33656CFE52514662C /* TuistBundle+SwiftUIExample.swift */,
			);
			path = Sources;
			sourceTree = "<group>";
		};
		7942BE694006222111A69DF2 /* InfoPlists */ = {
			isa = PBXGroup;
			children = (
				42221DF982FD1BC0F6F304A1 /* SwiftUIExample-Info.plist */,
			);
			path = InfoPlists;
			sourceTree = "<group>";
		};
		B26C454AC768ACEDA3C28A4E /* Products */ = {
			isa = PBXGroup;
			children = (
				9D389CF6EA8D15B911CECD3C /* TossPayments SwiftUIExample.app */,
			);
			name = Products;
			sourceTree = "<group>";
		};
		B500C53AB789FD86A731CE97 /* Frameworks */ = {
			isa = PBXGroup;
			children = (
			);
			name = Frameworks;
			sourceTree = "<group>";
		};
		B9638FDB4CCE9078075763B3 = {
			isa = PBXGroup;
			children = (
				F9D3B1D22E12A524F096B3FF /* Project */,
				B500C53AB789FD86A731CE97 /* Frameworks */,
				B26C454AC768ACEDA3C28A4E /* Products */,
				B2946A4CFBF3649D6642B3F3 /* payment-sdk-ios */,
			);
			sourceTree = "<group>";
		};
		BB18C38113EF4B25037E5766 /* Derived */ = {
			isa = PBXGroup;
			children = (
				7942BE694006222111A69DF2 /* InfoPlists */,
				67BC910E160023109DA4870F /* Sources */,
			);
			path = Derived;
			sourceTree = "<group>";
		};
		E5F77E3B43C7B8D3D785BF6B /* SwiftUIExample */ = {
			isa = PBXGroup;
			children = (
				F271894554CED325055A2583 /* Resources */,
				1D92D5CCC858F58172248957 /* Sources */,
			);
			path = SwiftUIExample;
			sourceTree = "<group>";
		};
		F271894554CED325055A2583 /* Resources */ = {
			isa = PBXGroup;
			children = (
				0F842D108EA61D0BFF412A71 /* Preview Content */,
				876FE87B98611FE9BC312DBF /* Assets.xcassets */,
			);
			path = Resources;
			sourceTree = "<group>";
		};
		F9D3B1D22E12A524F096B3FF /* Project */ = {
			isa = PBXGroup;
			children = (
				BB18C38113EF4B25037E5766 /* Derived */,
				E5F77E3B43C7B8D3D785BF6B /* SwiftUIExample */,
				88FA8434120EB88AEE8DD06C /* Project.swift */,
			);
			name = Project;
			sourceTree = "<group>";
		};
/* End PBXGroup section */

/* Begin PBXNativeTarget section */
		B246CF60B1838184DB3DB021 /* SwiftUIExample */ = {
			isa = PBXNativeTarget;
			buildConfigurationList = 6F0889EA56FE25E6CC82247C /* Build configuration list for PBXNativeTarget "SwiftUIExample" */;
			buildPhases = (
				D3AA75F89C5544719DEE79A0 /* Sources */,
				3051F30A1A839D7B6807540D /* Resources */,
				9DFA68E2ACAEA419839A5E65 /* Embed Frameworks */,
				86247E53049DF0B9B44BC7E2 /* Frameworks */,
			);
			buildRules = (
			);
			dependencies = (
			);
			name = SwiftUIExample;
			packageProductDependencies = (
				F409194822063A2E5CE624A5 /* TossPayments */,
			);
			productName = "TossPayments SwiftUIExample";
			productReference = 9D389CF6EA8D15B911CECD3C /* TossPayments SwiftUIExample.app */;
			productType = "com.apple.product-type.application";
		};
/* End PBXNativeTarget section */

/* Begin PBXProject section */
		67A04F35BD752B4018F989BB /* Project object */ = {
			isa = PBXProject;
			attributes = {
				ORGANIZATIONNAME = "TossPayments, Inc";
				TargetAttributes = {
				};
			};
			buildConfigurationList = 7BD9D13120D140C8BD7821A1 /* Build configuration list for PBXProject "SwiftUIExample" */;
			compatibilityVersion = "Xcode 13.0";
			developmentRegion = en;
			hasScannedForEncodings = 0;
			knownRegions = (
				Base,
				en,
			);
			mainGroup = B9638FDB4CCE9078075763B3;
			productRefGroup = B26C454AC768ACEDA3C28A4E /* Products */;
			projectDirPath = "";
			projectRoot = "";
			targets = (
				B246CF60B1838184DB3DB021 /* SwiftUIExample */,
			);
		};
/* End PBXProject section */

/* Begin PBXResourcesBuildPhase section */
		3051F30A1A839D7B6807540D /* Resources */ = {
			isa = PBXResourcesBuildPhase;
			buildActionMask = 2147483647;
			files = (
				716016B8B40E9190271BD366 /* Assets.xcassets in Resources */,
				160DA60E3D38CB5BCC193831 /* Preview Assets.xcassets in Resources */,
			);
			runOnlyForDeploymentPostprocessing = 0;
		};
/* End PBXResourcesBuildPhase section */

/* Begin PBXSourcesBuildPhase section */
		D3AA75F89C5544719DEE79A0 /* Sources */ = {
			isa = PBXSourcesBuildPhase;
			buildActionMask = 2147483647;
			files = (
				8EFBB77CBD1AA56C5CA9BA76 /* TuistAssets+SwiftUIExample.swift in Sources */,
				54C0B01A5C996F444816DA6D /* TuistBundle+SwiftUIExample.swift in Sources */,
				AF8DE9A59820BFD747883292 /* ContentView.swift in Sources */,
				B7FC8757D7077B659054EAE3 /* SwiftUIExampleApp.swift in Sources */,
			);
			runOnlyForDeploymentPostprocessing = 0;
		};
/* End PBXSourcesBuildPhase section */

/* Begin XCBuildConfiguration section */
		0C945E507433DA9C314F5E83 /* Release */ = {
			isa = XCBuildConfiguration;
			buildSettings = {
				ASSETCATALOG_COMPILER_APPICON_NAME = AppIcon;
				CODE_SIGN_IDENTITY = "iPhone Developer";
				ENABLE_PREVIEWS = YES;
				INFOPLIST_FILE = "Derived/InfoPlists/SwiftUIExample-Info.plist";
				IPHONEOS_DEPLOYMENT_TARGET = 14.0;
				LD_RUNPATH_SEARCH_PATHS = (
					"$(inherited)",
					"@executable_path/Frameworks",
				);
				PRODUCT_BUNDLE_IDENTIFIER = com.tosspayments.paymentsdk.examples.swiftui;
				PRODUCT_NAME = "TossPayments SwiftUIExample";
				SDKROOT = iphoneos;
				SUPPORTS_MACCATALYST = NO;
				SWIFT_COMPILATION_MODE = wholemodule;
				SWIFT_OPTIMIZATION_LEVEL = "-Owholemodule";
				SWIFT_VERSION = 5.0;
				TARGETED_DEVICE_FAMILY = "1,2";
			};
			name = Release;
		};
		1F5B8B066CF3049220668832 /* Debug */ = {
			isa = XCBuildConfiguration;
			buildSettings = {
				ASSETCATALOG_COMPILER_APPICON_NAME = AppIcon;
				CODE_SIGN_IDENTITY = "iPhone Developer";
				ENABLE_PREVIEWS = YES;
				INFOPLIST_FILE = "Derived/InfoPlists/SwiftUIExample-Info.plist";
				IPHONEOS_DEPLOYMENT_TARGET = 14.0;
				LD_RUNPATH_SEARCH_PATHS = (
					"$(inherited)",
					"@executable_path/Frameworks",
				);
				PRODUCT_BUNDLE_IDENTIFIER = com.tosspayments.paymentsdk.examples.swiftui;
				PRODUCT_NAME = "TossPayments SwiftUIExample";
				SDKROOT = iphoneos;
				SUPPORTS_MACCATALYST = NO;
				SWIFT_ACTIVE_COMPILATION_CONDITIONS = DEBUG;
				SWIFT_COMPILATION_MODE = singlefile;
				SWIFT_OPTIMIZATION_LEVEL = "-Onone";
				SWIFT_VERSION = 5.0;
				TARGETED_DEVICE_FAMILY = "1,2";
			};
			name = Debug;
		};
		C20CBAB056AC7A70EE6973B5 /* Debug */ = {
			isa = XCBuildConfiguration;
			buildSettings = {
				ALWAYS_SEARCH_USER_PATHS = NO;
				CLANG_ANALYZER_LOCALIZABILITY_NONLOCALIZED = YES;
				CLANG_ANALYZER_NONNULL = YES;
				CLANG_ANALYZER_NUMBER_OBJECT_CONVERSION = YES_AGGRESSIVE;
				CLANG_CXX_LANGUAGE_STANDARD = "gnu++14";
				CLANG_CXX_LIBRARY = "libc++";
				CLANG_ENABLE_MODULES = YES;
				CLANG_ENABLE_OBJC_ARC = YES;
				CLANG_ENABLE_OBJC_WEAK = YES;
				CLANG_WARN_BLOCK_CAPTURE_AUTORELEASING = YES;
				CLANG_WARN_BOOL_CONVERSION = YES;
				CLANG_WARN_COMMA = YES;
				CLANG_WARN_CONSTANT_CONVERSION = YES;
				CLANG_WARN_DEPRECATED_OBJC_IMPLEMENTATIONS = YES;
				CLANG_WARN_DIRECT_OBJC_ISA_USAGE = YES_ERROR;
				CLANG_WARN_DOCUMENTATION_COMMENTS = YES;
				CLANG_WARN_EMPTY_BODY = YES;
				CLANG_WARN_ENUM_CONVERSION = YES;
				CLANG_WARN_INFINITE_RECURSION = YES;
				CLANG_WARN_INT_CONVERSION = YES;
				CLANG_WARN_NON_LITERAL_NULL_CONVERSION = YES;
				CLANG_WARN_OBJC_IMPLICIT_RETAIN_SELF = YES;
				CLANG_WARN_OBJC_LITERAL_CONVERSION = YES;
				CLANG_WARN_OBJC_ROOT_CLASS = YES_ERROR;
				CLANG_WARN_QUOTED_INCLUDE_IN_FRAMEWORK_HEADER = YES;
				CLANG_WARN_RANGE_LOOP_ANALYSIS = YES;
				CLANG_WARN_STRICT_PROTOTYPES = YES;
				CLANG_WARN_SUSPICIOUS_MOVE = YES;
				CLANG_WARN_UNGUARDED_AVAILABILITY = YES_AGGRESSIVE;
				CLANG_WARN_UNREACHABLE_CODE = YES;
				CLANG_WARN__DUPLICATE_METHOD_MATCH = YES;
				COPY_PHASE_STRIP = NO;
				DEAD_CODE_STRIPPING = YES;
				DEBUG_INFORMATION_FORMAT = dwarf;
				ENABLE_STRICT_OBJC_MSGSEND = YES;
				ENABLE_TESTABILITY = YES;
				GCC_C_LANGUAGE_STANDARD = gnu11;
				GCC_DYNAMIC_NO_PIC = NO;
				GCC_NO_COMMON_BLOCKS = YES;
				GCC_OPTIMIZATION_LEVEL = 0;
				GCC_PREPROCESSOR_DEFINITIONS = (
					"DEBUG=1",
					"$(inherited)",
				);
				GCC_WARN_64_TO_32_BIT_CONVERSION = YES;
				GCC_WARN_ABOUT_RETURN_TYPE = YES_ERROR;
				GCC_WARN_UNDECLARED_SELECTOR = YES;
				GCC_WARN_UNINITIALIZED_AUTOS = YES_AGGRESSIVE;
				GCC_WARN_UNUSED_FUNCTION = YES;
				GCC_WARN_UNUSED_VARIABLE = YES;
				MTL_ENABLE_DEBUG_INFO = YES;
				ONLY_ACTIVE_ARCH = YES;
				PRODUCT_NAME = "$(TARGET_NAME)";
			};
			name = Debug;
		};
		F711238AAEF3327873B582BC /* Release */ = {
			isa = XCBuildConfiguration;
			buildSettings = {
				ALWAYS_SEARCH_USER_PATHS = NO;
				CLANG_ANALYZER_LOCALIZABILITY_NONLOCALIZED = YES;
				CLANG_ANALYZER_NONNULL = YES;
				CLANG_ANALYZER_NUMBER_OBJECT_CONVERSION = YES_AGGRESSIVE;
				CLANG_CXX_LANGUAGE_STANDARD = "gnu++14";
				CLANG_CXX_LIBRARY = "libc++";
				CLANG_ENABLE_MODULES = YES;
				CLANG_ENABLE_OBJC_ARC = YES;
				CLANG_ENABLE_OBJC_WEAK = YES;
				CLANG_WARN_BLOCK_CAPTURE_AUTORELEASING = YES;
				CLANG_WARN_BOOL_CONVERSION = YES;
				CLANG_WARN_COMMA = YES;
				CLANG_WARN_CONSTANT_CONVERSION = YES;
				CLANG_WARN_DEPRECATED_OBJC_IMPLEMENTATIONS = YES;
				CLANG_WARN_DIRECT_OBJC_ISA_USAGE = YES_ERROR;
				CLANG_WARN_DOCUMENTATION_COMMENTS = YES;
				CLANG_WARN_EMPTY_BODY = YES;
				CLANG_WARN_ENUM_CONVERSION = YES;
				CLANG_WARN_INFINITE_RECURSION = YES;
				CLANG_WARN_INT_CONVERSION = YES;
				CLANG_WARN_NON_LITERAL_NULL_CONVERSION = YES;
				CLANG_WARN_OBJC_IMPLICIT_RETAIN_SELF = YES;
				CLANG_WARN_OBJC_LITERAL_CONVERSION = YES;
				CLANG_WARN_OBJC_ROOT_CLASS = YES_ERROR;
				CLANG_WARN_QUOTED_INCLUDE_IN_FRAMEWORK_HEADER = YES;
				CLANG_WARN_RANGE_LOOP_ANALYSIS = YES;
				CLANG_WARN_STRICT_PROTOTYPES = YES;
				CLANG_WARN_SUSPICIOUS_MOVE = YES;
				CLANG_WARN_UNGUARDED_AVAILABILITY = YES_AGGRESSIVE;
				CLANG_WARN_UNREACHABLE_CODE = YES;
				CLANG_WARN__DUPLICATE_METHOD_MATCH = YES;
				COPY_PHASE_STRIP = NO;
				DEAD_CODE_STRIPPING = YES;
				DEBUG_INFORMATION_FORMAT = "dwarf-with-dsym";
				ENABLE_NS_ASSERTIONS = NO;
				ENABLE_STRICT_OBJC_MSGSEND = YES;
				GCC_C_LANGUAGE_STANDARD = gnu11;
				GCC_NO_COMMON_BLOCKS = YES;
				GCC_WARN_64_TO_32_BIT_CONVERSION = YES;
				GCC_WARN_ABOUT_RETURN_TYPE = YES_ERROR;
				GCC_WARN_UNDECLARED_SELECTOR = YES;
				GCC_WARN_UNINITIALIZED_AUTOS = YES_AGGRESSIVE;
				GCC_WARN_UNUSED_FUNCTION = YES;
				GCC_WARN_UNUSED_VARIABLE = YES;
				MTL_ENABLE_DEBUG_INFO = NO;
				PRODUCT_NAME = "$(TARGET_NAME)";
				VALIDATE_PRODUCT = YES;
			};
			name = Release;
		};
/* End XCBuildConfiguration section */

/* Begin XCConfigurationList section */
		6F0889EA56FE25E6CC82247C /* Build configuration list for PBXNativeTarget "SwiftUIExample" */ = {
			isa = XCConfigurationList;
			buildConfigurations = (
				1F5B8B066CF3049220668832 /* Debug */,
				0C945E507433DA9C314F5E83 /* Release */,
			);
			defaultConfigurationIsVisible = 0;
			defaultConfigurationName = Release;
		};
		7BD9D13120D140C8BD7821A1 /* Build configuration list for PBXProject "SwiftUIExample" */ = {
			isa = XCConfigurationList;
			buildConfigurations = (
				C20CBAB056AC7A70EE6973B5 /* Debug */,
				F711238AAEF3327873B582BC /* Release */,
			);
			defaultConfigurationIsVisible = 0;
			defaultConfigurationName = Release;
		};
/* End XCConfigurationList section */

/* Begin XCSwiftPackageProductDependency section */
		F409194822063A2E5CE624A5 /* TossPayments */ = {
			isa = XCSwiftPackageProductDependency;
			productName = TossPayments;
		};
/* End XCSwiftPackageProductDependency section */
	};
	rootObject = 67A04F35BD752B4018F989BB /* Project object */;
}
